
Microsoft Visual Studio Solution File, Format Version 12.00
# Visual Studio 2013
VisualStudioVersion = 12.0.30723.0
MinimumVisualStudioVersion = 10.0.40219.1
Project("{F184B08F-C81C-45F6-A57F-5ABD9991F28F}") = "ImageToTextArt", "ImageToTextArtClient\ImageToTextArt.vbproj", "{8800F7AD-D727-44F2-A188-979F3CD57C20}"
EndProject
Project("{F184B08F-C81C-45F6-A57F-5ABD9991F28F}") = "TextArt", "BitmapToText\TextArt.vbproj", "{F0ED7B69-8F77-485F-9C22-BDBC72AA6D7D}"
EndProject
Project("{E24C65DC-7377-472B-9ABA-BC803B73C61A}") = "ImageToTextArtWeb", "ImageToTextArtWeb\", "{BF065950-759F-4CF6-A9BD-43B51CA249F8}"
	ProjectSection(WebsiteProperties) = preProject
		SccProjectName = ""
		SccAuxPath = ""
		SccLocalPath = ""
		SccProvider = ""
		TargetFrameworkMoniker = ".NETFramework,Version%3Dv4.0"
		Debug.AspNetCompiler.VirtualPath = "/ImageToTextArtWeb"
		Debug.AspNetCompiler.PhysicalPath = "ImageToTextArtWeb\"
		Debug.AspNetCompiler.TargetPath = "PrecompiledWeb\ImageToTextArtWeb\"
		Debug.AspNetCompiler.Updateable = "true"
		Debug.AspNetCompiler.ForceOverwrite = "true"
		Debug.AspNetCompiler.FixedNames = "false"
		Debug.AspNetCompiler.Debug = "True"
		Release.AspNetCompiler.VirtualPath = "/ImageToTextArtWeb"
		Release.AspNetCompiler.PhysicalPath = "ImageToTextArtWeb\"
		Release.AspNetCompiler.TargetPath = "PrecompiledWeb\ImageToTextArtWeb\"
		Release.AspNetCompiler.Updateable = "true"
		Release.AspNetCompiler.ForceOverwrite = "true"
		Release.AspNetCompiler.FixedNames = "false"
		Release.AspNetCompiler.Debug = "False"
		VWDPort = "56272"
		SlnRelativePath = "ImageToTextArtWeb\"
	EndProjectSection
EndProject
Global
	GlobalSection(SolutionConfigurationPlatforms) = preSolution
		Debug|Any CPU = Debug|Any CPU
		Release|Any CPU = Release|Any CPU
	EndGlobalSection
	GlobalSection(ProjectConfigurationPlatforms) = postSolution
		{8800F7AD-D727-44F2-A188-979F3CD57C20}.Debug|Any CPU.ActiveCfg = Debug|Any CPU
		{8800F7AD-D727-44F2-A188-979F3CD57C20}.Debug|Any CPU.Build.0 = Debug|Any CPU
		{8800F7AD-D727-44F2-A188-979F3CD57C20}.Release|Any CPU.ActiveCfg = Release|Any CPU
		{8800F7AD-D727-44F2-A188-979F3CD57C20}.Release|Any CPU.Build.0 = Release|Any CPU
		{F0ED7B69-8F77-485F-9C22-BDBC72AA6D7D}.Debug|Any CPU.ActiveCfg = Debug|Any CPU
		{F0ED7B69-8F77-485F-9C22-BDBC72AA6D7D}.Debug|Any CPU.Build.0 = Debug|Any CPU
		{F0ED7B69-8F77-485F-9C22-BDBC72AA6D7D}.Release|Any CPU.ActiveCfg = Release|Any CPU
		{F0ED7B69-8F77-485F-9C22-BDBC72AA6D7D}.Release|Any CPU.Build.0 = Release|Any CPU
		{BF065950-759F-4CF6-A9BD-43B51CA249F8}.Debug|Any CPU.ActiveCfg = Debug|Any CPU
		{BF065950-759F-4CF6-A9BD-43B51CA249F8}.Debug|Any CPU.Build.0 = Debug|Any CPU
		{BF065950-759F-4CF6-A9BD-43B51CA249F8}.Release|Any CPU.ActiveCfg = Debug|Any CPU
		{BF065950-759F-4CF6-A9BD-43B51CA249F8}.Release|Any CPU.Build.0 = Debug|Any CPU
	EndGlobalSection
	GlobalSection(SolutionProperties) = preSolution
		HideSolutionNode = FALSE
	EndGlobalSection
EndGlobal
